
Microsoft Visual Studio Solution File, Format Version 12.00
# Visual Studio 2013
VisualStudioVersion = 12.0.30723.0
MinimumVisualStudioVersion = 10.0.40219.1
Project("{FAE04EC0-301F-11D3-BF4B-00C04F79EFBC}") = "SuperMarketChain.Model", "SuperMarketChain.Model\SuperMarketChain.Model.csproj", "{7F9CBDDE-1E76-4195-941D-2E6C58BCA3A2}"
EndProject
Project("{FAE04EC0-301F-11D3-BF4B-00C04F79EFBC}") = "SuperMarketChain.Data", "SuperMarketChain.Data\SuperMarketChain.Data.csproj", "{2B97ADDF-AF45-4C50-8F6C-5FC35A092999}"
EndProject
Project("{FAE04EC0-301F-11D3-BF4B-00C04F79EFBC}") = "SuperMarketChain.Client", "SuperMarketChain.Client\SuperMarketChain.Client.csproj", "{5A60C6E5-4BE2-40FA-8165-F3989EFE5F9C}"
EndProject
Project("{FAE04EC0-301F-11D3-BF4B-00C04F79EFBC}") = "OracleToSQL", "OracleToSQL\OracleToSQL.csproj", "{13B3028E-E1C9-48BE-B5D2-0414344CED0E}"
EndProject
Project("{FAE04EC0-301F-11D3-BF4B-00C04F79EFBC}") = "SuperMarketChain.JSON", "SuperMarketChain.JSON\SuperMarketChain.JSON.csproj", "{30352865-0B37-4C80-9059-A5D0D669620F}"
EndProject
Project("{FAE04EC0-301F-11D3-BF4B-00C04F79EFBC}") = "SuperMarketChain.SQLite", "SuperMarketChain.SQLite\SuperMarketChain.SQLite.csproj", "{64552BBF-23F2-4294-AA64-67101D6158B3}"
EndProject
Project("{FAE04EC0-301F-11D3-BF4B-00C04F79EFBC}") = "SuperMarketChain.MySQL", "SuperMarketChain.MySQL\SuperMarketChain.MySQL.csproj", "{744D2629-9C66-4F07-BE34-6766EC7E0AC5}"
EndProject
Global
	GlobalSection(SolutionConfigurationPlatforms) = preSolution
		Debug|Any CPU = Debug|Any CPU
		Release|Any CPU = Release|Any CPU
	EndGlobalSection
	GlobalSection(ProjectConfigurationPlatforms) = postSolution
		{7F9CBDDE-1E76-4195-941D-2E6C58BCA3A2}.Debug|Any CPU.ActiveCfg = Debug|Any CPU
		{7F9CBDDE-1E76-4195-941D-2E6C58BCA3A2}.Debug|Any CPU.Build.0 = Debug|Any CPU
		{7F9CBDDE-1E76-4195-941D-2E6C58BCA3A2}.Release|Any CPU.ActiveCfg = Release|Any CPU
		{7F9CBDDE-1E76-4195-941D-2E6C58BCA3A2}.Release|Any CPU.Build.0 = Release|Any CPU
		{2B97ADDF-AF45-4C50-8F6C-5FC35A092999}.Debug|Any CPU.ActiveCfg = Debug|Any CPU
		{2B97ADDF-AF45-4C50-8F6C-5FC35A092999}.Debug|Any CPU.Build.0 = Debug|Any CPU
		{2B97ADDF-AF45-4C50-8F6C-5FC35A092999}.Release|Any CPU.ActiveCfg = Release|Any CPU
		{2B97ADDF-AF45-4C50-8F6C-5FC35A092999}.Release|Any CPU.Build.0 = Release|Any CPU
		{5A60C6E5-4BE2-40FA-8165-F3989EFE5F9C}.Debug|Any CPU.ActiveCfg = Debug|Any CPU
		{5A60C6E5-4BE2-40FA-8165-F3989EFE5F9C}.Debug|Any CPU.Build.0 = Debug|Any CPU
		{5A60C6E5-4BE2-40FA-8165-F3989EFE5F9C}.Release|Any CPU.ActiveCfg = Release|Any CPU
		{5A60C6E5-4BE2-40FA-8165-F3989EFE5F9C}.Release|Any CPU.Build.0 = Release|Any CPU
		{13B3028E-E1C9-48BE-B5D2-0414344CED0E}.Debug|Any CPU.ActiveCfg = Debug|Any CPU
		{13B3028E-E1C9-48BE-B5D2-0414344CED0E}.Debug|Any CPU.Build.0 = Debug|Any CPU
		{13B3028E-E1C9-48BE-B5D2-0414344CED0E}.Release|Any CPU.ActiveCfg = Release|Any CPU
		{13B3028E-E1C9-48BE-B5D2-0414344CED0E}.Release|Any CPU.Build.0 = Release|Any CPU
		{30352865-0B37-4C80-9059-A5D0D669620F}.Debug|Any CPU.ActiveCfg = Debug|Any CPU
		{30352865-0B37-4C80-9059-A5D0D669620F}.Debug|Any CPU.Build.0 = Debug|Any CPU
		{30352865-0B37-4C80-9059-A5D0D669620F}.Release|Any CPU.ActiveCfg = Release|Any CPU
		{30352865-0B37-4C80-9059-A5D0D669620F}.Release|Any CPU.Build.0 = Release|Any CPU
		{64552BBF-23F2-4294-AA64-67101D6158B3}.Debug|Any CPU.ActiveCfg = Debug|Any CPU
		{64552BBF-23F2-4294-AA64-67101D6158B3}.Debug|Any CPU.Build.0 = Debug|Any CPU
		{64552BBF-23F2-4294-AA64-67101D6158B3}.Release|Any CPU.ActiveCfg = Release|Any CPU
		{64552BBF-23F2-4294-AA64-67101D6158B3}.Release|Any CPU.Build.0 = Release|Any CPU
		{744D2629-9C66-4F07-BE34-6766EC7E0AC5}.Debug|Any CPU.ActiveCfg = Debug|Any CPU
		{744D2629-9C66-4F07-BE34-6766EC7E0AC5}.Debug|Any CPU.Build.0 = Debug|Any CPU
		{744D2629-9C66-4F07-BE34-6766EC7E0AC5}.Release|Any CPU.ActiveCfg = Release|Any CPU
		{744D2629-9C66-4F07-BE34-6766EC7E0AC5}.Release|Any CPU.Build.0 = Release|Any CPU
	EndGlobalSection
	GlobalSection(SolutionProperties) = preSolution
		HideSolutionNode = FALSE
	EndGlobalSection
EndGlobal
